
Microsoft Visual Studio Solution File, Format Version 12.00
# Visual Studio Version 16
VisualStudioVersion = 16.0.31702.278
MinimumVisualStudioVersion = 10.0.40219.1
Project("{FAE04EC0-301F-11D3-BF4B-00C04F79EFBC}") = "Lesson_6", "Lesson_6.csproj", "{E21E035D-C906-46E0-8483-EFCBF6B77760}"
EndProject
Global
	GlobalSection(SolutionConfigurationPlatforms) = preSolution
		Debug|Any CPU = Debug|Any CPU
		Release|Any CPU = Release|Any CPU
	EndGlobalSection
	GlobalSection(ProjectConfigurationPlatforms) = postSolution
		{E21E035D-C906-46E0-8483-EFCBF6B77760}.Debug|Any CPU.ActiveCfg = Debug|Any CPU
		{E21E035D-C906-46E0-8483-EFCBF6B77760}.Debug|Any CPU.Build.0 = Debug|Any CPU
		{E21E035D-C906-46E0-8483-EFCBF6B77760}.Release|Any CPU.ActiveCfg = Release|Any CPU
		{E21E035D-C906-46E0-8483-EFCBF6B77760}.Release|Any CPU.Build.0 = Release|Any CPU
	EndGlobalSection
	GlobalSection(SolutionProperties) = preSolution
		HideSolutionNode = FALSE
	EndGlobalSection
	GlobalSection(ExtensibilityGlobals) = postSolution
		SolutionGuid = {7CCB77E5-6572-4ACC-9148-9A06B9CC92BC}
	EndGlobalSection
EndGlobal
